
Microsoft Visual Studio Solution File, Format Version 12.00
# Visual Studio Version 17
VisualStudioVersion = 17.0.32126.317
MinimumVisualStudioVersion = 10.0.40219.1
Project("{9A19103F-16F7-4668-BE54-9A1E7A4F7556}") = "Tehtävä 5.2 Minkä ikäinen olet", "Tehtävä 5.2 Minkä ikäinen olet\Tehtävä 5.2 Minkä ikäinen olet.csproj", "{71191CEA-A826-483F-B7A5-E7FC07EA1166}"
EndProject
Project("{2150E333-8FDC-42A3-9474-1A3956D46DE8}") = "Solution Items", "Solution Items", "{4689E5E1-5E18-4DF7-9D3F-8A737547C363}"
	ProjectSection(SolutionItems) = preProject
		.editorconfig = .editorconfig
	EndProjectSection
EndProject
Global
	GlobalSection(SolutionConfigurationPlatforms) = preSolution
		Debug|Any CPU = Debug|Any CPU
		Release|Any CPU = Release|Any CPU
	EndGlobalSection
	GlobalSection(ProjectConfigurationPlatforms) = postSolution
		{71191CEA-A826-483F-B7A5-E7FC07EA1166}.Debug|Any CPU.ActiveCfg = Debug|Any CPU
		{71191CEA-A826-483F-B7A5-E7FC07EA1166}.Debug|Any CPU.Build.0 = Debug|Any CPU
		{71191CEA-A826-483F-B7A5-E7FC07EA1166}.Release|Any CPU.ActiveCfg = Release|Any CPU
		{71191CEA-A826-483F-B7A5-E7FC07EA1166}.Release|Any CPU.Build.0 = Release|Any CPU
	EndGlobalSection
	GlobalSection(SolutionProperties) = preSolution
		HideSolutionNode = FALSE
	EndGlobalSection
	GlobalSection(ExtensibilityGlobals) = postSolution
		SolutionGuid = {ADE2BC27-88AC-4A43-A1FC-31935FCCB629}
	EndGlobalSection
EndGlobal
